# THIS IS AN AUTOGENERATED FILE. DO NOT EDIT THIS FILE DIRECTLY.
# yarn lockfile v1


"@babel/polyfill@^7.0.0":
  version "7.4.4"
  resolved "https://registry.npm.taobao.org/@babel/polyfill/download/@babel/polyfill-7.4.4.tgz?cache=0&other_urls=https%3A%2F%2Fregistry.npm.taobao.org%2F%40babel%2Fpolyfill%2Fdownload%2F%40babel%2Fpolyfill-7.4.4.tgz#78801cf3dbe657844eeabf31c1cae3828051e893"
  integrity sha1-eIAc89vmV4RO6r8xwcrjgoBR6JM=
  dependencies:
    core-js "^2.6.5"
    regenerator-runtime "^0.13.2"

"@jimp/bmp@^0.6.4":
  version "0.6.4"
  resolved "https://registry.npm.taobao.org/@jimp/bmp/download/@jimp/bmp-0.6.4.tgz#0f4b94486e979d82c83e1e87cd00b756afb26e49"
  integrity sha1-D0uUSG6XnYLIPh6HzQC3Vq+ybkk=
  dependencies:
    "@jimp/utils" "^0.6.4"
    bmp-js "^0.1.0"
    core-js "^2.5.7"

"@jimp/core@^0.6.4":
  version "0.6.4"
  resolved "https://registry.npm.taobao.org/@jimp/core/download/@jimp/core-0.6.4.tgz#19ab5f4ff0db4f602b36b159c714e37ebfb5672f"
  integrity sha1-GatfT/DbT2ArNrFZxxTjfr+1Zy8=
  dependencies:
    "@jimp/utils" "^0.6.4"
    any-base "^1.1.0"
    buffer "^5.2.0"
    core-js "^2.5.7"
    exif-parser "^0.1.12"
    file-type "^9.0.0"
    load-bmfont "^1.3.1"
    mkdirp "0.5.1"
    phin "^2.9.1"
    pixelmatch "^4.0.2"
    tinycolor2 "^1.4.1"

"@jimp/custom@^0.6.4":
  version "0.6.4"
  resolved "https://registry.npm.taobao.org/@jimp/custom/download/@jimp/custom-0.6.4.tgz#eb1abbda83f13149e50e71f0c5fc78d873fb485b"
  integrity sha1-6xq72oPxMUnlDnHwxfx42HP7SFs=
  dependencies:
    "@jimp/core" "^0.6.4"
    core-js "^2.5.7"

"@jimp/gif@^0.6.4":
  version "0.6.4"
  resolved "https://registry.npm.taobao.org/@jimp/gif/download/@jimp/gif-0.6.4.tgz#cbe8c27ceffd28112ec045b3f8a74724b8d3cdd0"
  integrity sha1-y+jCfO/9KBEuwEWz+KdHJLjTzdA=
  dependencies:
    "@jimp/utils" "^0.6.4"
    core-js "^2.5.7"
    omggif "^1.0.9"

"@jimp/jpeg@^0.6.4":
  version "0.6.4"
  resolved "https://registry.npm.taobao.org/@jimp/jpeg/download/@jimp/jpeg-0.6.4.tgz#613e040514b1876a802f7943399be2b304bdb461"
  integrity sha1-YT4EBRSxh2qAL3lDOZviswS9tGE=
  dependencies:
    "@jimp/utils" "^0.6.4"
    core-js "^2.5.7"
    jpeg-js "^0.3.4"

"@jimp/plugin-blit@^0.6.4":
  version "0.6.4"
  resolved "https://registry.npm.taobao.org/@jimp/plugin-blit/download/@jimp/plugin-blit-0.6.4.tgz#f8d7b2fa635fbef79d11f7476ff40e8aed00c026"
  integrity sha1-+Ney+mNfvvedEfdHb/QOiu0AwCY=
  dependencies:
    "@jimp/utils" "^0.6.4"
    core-js "^2.5.7"

"@jimp/plugin-blur@^0.6.4":
  version "0.6.4"
  resolved "https://registry.npm.taobao.org/@jimp/plugin-blur/download/@jimp/plugin-blur-0.6.4.tgz#dd5d64454cae865ea8e4c6133b75708e93f31d89"
  integrity sha1-3V1kRUyuhl6o5MYTO3VwjpPzHYk=
  dependencies:
    "@jimp/utils" "^0.6.4"
    core-js "^2.5.7"

"@jimp/plugin-color@^0.6.4":
  version "0.6.4"
  resolved "https://registry.npm.taobao.org/@jimp/plugin-color/download/@jimp/plugin-color-0.6.4.tgz#d5ce139a0e665437ef9d5df7642be66f33735645"
  integrity sha1-1c4Tmg5mVDfvnV33ZCvmbzNzVkU=
  dependencies:
    "@jimp/utils" "^0.6.4"
    core-js "^2.5.7"
    tinycolor2 "^1.4.1"

"@jimp/plugin-contain@^0.6.4":
  version "0.6.4"
  resolved "https://registry.npm.taobao.org/@jimp/plugin-contain/download/@jimp/plugin-contain-0.6.4.tgz#ee2cc03a066cc1ec9dcb2a5c6cdbbfb80af42d05"
  integrity sha1-7izAOgZsweydyypcbNu/uAr0LQU=
  dependencies:
    "@jimp/utils" "^0.6.4"
    core-js "^2.5.7"

"@jimp/plugin-cover@^0.6.4":
  version "0.6.4"
  resolved "https://registry.npm.taobao.org/@jimp/plugin-cover/download/@jimp/plugin-cover-0.6.4.tgz#1d341438552ffc673c2e8b68b4419b9aaf844657"
  integrity sha1-HTQUOFUv/Gc8LototEGbmq+ERlc=
  dependencies:
    "@jimp/utils" "^0.6.4"
    core-js "^2.5.7"

"@jimp/plugin-crop@^0.6.4":
  version "0.6.4"
  resolved "https://registry.npm.taobao.org/@jimp/plugin-crop/download/@jimp/plugin-crop-0.6.4.tgz#3447611790703cd7d51a0127b2cf77906711f9ec"
  integrity sha1-NEdhF5BwPNfVGgEnss93kGcR+ew=
  dependencies:
    "@jimp/utils" "^0.6.4"
    core-js "^2.5.7"

"@jimp/plugin-displace@^0.6.4":
  version "0.6.4"
  resolved "https://registry.npm.taobao.org/@jimp/plugin-displace/download/@jimp/plugin-displace-0.6.4.tgz#7d641e402aade5d13d8eea93dc94fac39027da97"
  integrity sha1-fWQeQCqt5dE9juqT3JT6w5An2pc=
  dependencies:
    "@jimp/utils" "^0.6.4"
    core-js "^2.5.7"

"@jimp/plugin-dither@^0.6.4":
  version "0.6.4"
  resolved "https://registry.npm.taobao.org/@jimp/plugin-dither/download/@jimp/plugin-dither-0.6.4.tgz#3feea3cd3ef59f951759c9ac0bafdd4abee50d7b"
  integrity sha1-P+6jzT71n5UXWcmsC6/dSr7lDXs=
  dependencies:
    "@jimp/utils" "^0.6.4"
    core-js "^2.5.7"

"@jimp/plugin-flip@^0.6.4":
  version "0.6.4"
  resolved "https://registry.npm.taobao.org/@jimp/plugin-flip/download/@jimp/plugin-flip-0.6.4.tgz#3ac31f01a4e1dc07caa9ff8c6a34097fb719de19"
  integrity sha1-OsMfAaTh3AfKqf+MajQJf7cZ3hk=
  dependencies:
    "@jimp/utils" "^0.6.4"
    core-js "^2.5.7"

"@jimp/plugin-gaussian@^0.6.4":
  version "0.6.4"
  resolved "https://registry.npm.taobao.org/@jimp/plugin-gaussian/download/@jimp/plugin-gaussian-0.6.4.tgz#17d51465dc973cb97ce8d433f2c0c565070377a9"
  integrity sha1-F9UUZdyXPLl86NQz8sDFZQcDd6k=
  dependencies:
    "@jimp/utils" "^0.6.4"
    core-js "^2.5.7"

"@jimp/plugin-invert@^0.6.4":
  version "0.6.4"
  resolved "https://registry.npm.taobao.org/@jimp/plugin-invert/download/@jimp/plugin-invert-0.6.4.tgz#38c8a6fa5d62f0c2a097041d09595decb10f7d36"
  integrity sha1-OMim+l1i8MKglwQdCVld7LEPfTY=
  dependencies:
    "@jimp/utils" "^0.6.4"
    core-js "^2.5.7"

"@jimp/plugin-mask@^0.6.4":
  version "0.6.4"
  resolved "https://registry.npm.taobao.org/@jimp/plugin-mask/download/@jimp/plugin-mask-0.6.4.tgz#47bb907a70c457f51439f96e2dc0fa73dd2b8ea2"
  integrity sha1-R7uQenDEV/UUOfluLcD6c90rjqI=
  dependencies:
    "@jimp/utils" "^0.6.4"
    core-js "^2.5.7"

"@jimp/plugin-normalize@^0.6.4":
  version "0.6.4"
  resolved "https://registry.npm.taobao.org/@jimp/plugin-normalize/download/@jimp/plugin-normalize-0.6.4.tgz#6f49eb866b605c947c05fd9ca6ea3934f57137e4"
  integrity sha1-b0nrhmtgXJR8Bf2cpuo5NPVxN+Q=
  dependencies:
    "@jimp/utils" "^0.6.4"
    core-js "^2.5.7"

"@jimp/plugin-print@^0.6.4":
  version "0.6.4"
  resolved "https://registry.npm.taobao.org/@jimp/plugin-print/download/@jimp/plugin-print-0.6.4.tgz#6642e2a5dea7fa6fb70c8655f82a770ae0faa0d9"
  integrity sha1-ZkLipd6n+m+3DIZV+Cp3CuD6oNk=
  dependencies:
    "@jimp/utils" "^0.6.4"
    core-js "^2.5.7"
    load-bmfont "^1.4.0"

"@jimp/plugin-resize@^0.6.4":
  version "0.6.4"
  resolved "https://registry.npm.taobao.org/@jimp/plugin-resize/download/@jimp/plugin-resize-0.6.4.tgz#cf6b253b4f40a6f9678509b391bf5a8d261951c8"
  integrity sha1-z2slO09ApvlnhQmzkb9ajSYZUcg=
  dependencies:
    "@jimp/utils" "^0.6.4"
    core-js "^2.5.7"

"@jimp/plugin-rotate@^0.6.4":
  version "0.6.4"
  resolved "https://registry.npm.taobao.org/@jimp/plugin-rotate/download/@jimp/plugin-rotate-0.6.4.tgz#3075538a8f644d78d07ea3f126ee3c85a37302bc"
  integrity sha1-MHVTio9kTXjQfqPxJu48haNzArw=
  dependencies:
    "@jimp/utils" "^0.6.4"
    core-js "^2.5.7"

"@jimp/plugin-scale@^0.6.4":
  version "0.6.4"
  resolved "https://registry.npm.taobao.org/@jimp/plugin-scale/download/@jimp/plugin-scale-0.6.4.tgz#062305d129ab80d0e49df021ab96202b0594a3dc"
  integrity sha1-BiMF0SmrgNDknfAhq5YgKwWUo9w=
  dependencies:
    "@jimp/utils" "^0.6.4"
    core-js "^2.5.7"

"@jimp/plugins@^0.6.4":
  version "0.6.4"
  resolved "https://registry.npm.taobao.org/@jimp/plugins/download/@jimp/plugins-0.6.4.tgz#341eeadab17ab1a1bac99b788acf2a43369f119d"
  integrity sha1-NB7q2rF6saG6yZt4is8qQzafEZ0=
  dependencies:
    "@jimp/plugin-blit" "^0.6.4"
    "@jimp/plugin-blur" "^0.6.4"
    "@jimp/plugin-color" "^0.6.4"
    "@jimp/plugin-contain" "^0.6.4"
    "@jimp/plugin-cover" "^0.6.4"
    "@jimp/plugin-crop" "^0.6.4"
    "@jimp/plugin-displace" "^0.6.4"
    "@jimp/plugin-dither" "^0.6.4"
    "@jimp/plugin-flip" "^0.6.4"
    "@jimp/plugin-gaussian" "^0.6.4"
    "@jimp/plugin-invert" "^0.6.4"
    "@jimp/plugin-mask" "^0.6.4"
    "@jimp/plugin-normalize" "^0.6.4"
    "@jimp/plugin-print" "^0.6.4"
    "@jimp/plugin-resize" "^0.6.4"
    "@jimp/plugin-rotate" "^0.6.4"
    "@jimp/plugin-scale" "^0.6.4"
    core-js "^2.5.7"
    timm "^1.6.1"

"@jimp/png@^0.6.4":
  version "0.6.4"
  resolved "https://registry.npm.taobao.org/@jimp/png/download/@jimp/png-0.6.4.tgz#2a74b14d1c968d1f09e684803d6e170950728b55"
  integrity sha1-KnSxTRyWjR8J5oSAPW4XCVByi1U=
  dependencies:
    "@jimp/utils" "^0.6.4"
    core-js "^2.5.7"
    pngjs "^3.3.3"

"@jimp/tiff@^0.6.4":
  version "0.6.4"
  resolved "https://registry.npm.taobao.org/@jimp/tiff/download/@jimp/tiff-0.6.4.tgz#c999751b977f01817d785327732ed4e40a4ecc9a"
  integrity sha1-yZl1G5d/AYF9eFMncy7U5ApOzJo=
  dependencies:
    core-js "^2.5.7"
    utif "^2.0.1"

"@jimp/types@^0.6.4":
  version "0.6.4"
  resolved "https://registry.npm.taobao.org/@jimp/types/download/@jimp/types-0.6.4.tgz#242fce9a914875e0b48b6ebac2ab55e95714cdf8"
  integrity sha1-JC/OmpFIdeC0i266wqtV6VcUzfg=
  dependencies:
    "@jimp/bmp" "^0.6.4"
    "@jimp/gif" "^0.6.4"
    "@jimp/jpeg" "^0.6.4"
    "@jimp/png" "^0.6.4"
    "@jimp/tiff" "^0.6.4"
    core-js "^2.5.7"
    timm "^1.6.1"

"@jimp/utils@^0.6.4":
  version "0.6.4"
  resolved "https://registry.npm.taobao.org/@jimp/utils/download/@jimp/utils-0.6.4.tgz#4a17103829c8487384539f1c2b1db257bbd30c0b"
  integrity sha1-ShcQOCnISHOEU58cKx2yV7vTDAs=
  dependencies:
    core-js "^2.5.7"

ajv@^6.5.5:
  version "6.10.0"
  resolved "https://registry.npm.taobao.org/ajv/download/ajv-6.10.0.tgz#90d0d54439da587cd7e843bfb7045f50bd22bdf1"
  integrity sha1-kNDVRDnaWHzX6EO/twRfUL0ivfE=
  dependencies:
    fast-deep-equal "^2.0.1"
    fast-json-stable-stringify "^2.0.0"
    json-schema-traverse "^0.4.1"
    uri-js "^4.2.2"

any-base@^1.1.0:
  version "1.1.0"
  resolved "https://registry.npm.taobao.org/any-base/download/any-base-1.1.0.tgz#ae101a62bc08a597b4c9ab5b7089d456630549fe"
  integrity sha1-rhAaYrwIpZe0yatbcInUVmMFSf4=

asn1@~0.2.3:
  version "0.2.4"
  resolved "https://registry.npm.taobao.org/asn1/download/asn1-0.2.4.tgz#8d2475dfab553bb33e77b54e59e880bb8ce23136"
  integrity sha1-jSR136tVO7M+d7VOWeiAu4ziMTY=
  dependencies:
    safer-buffer "~2.1.0"

assert-plus@1.0.0, assert-plus@^1.0.0:
  version "1.0.0"
  resolved "https://registry.npm.taobao.org/assert-plus/download/assert-plus-1.0.0.tgz#f12e0f3c5d77b0b1cdd9146942e4e96c1e4dd525"
  integrity sha1-8S4PPF13sLHN2RRpQuTpbB5N1SU=

asynckit@^0.4.0:
  version "0.4.0"
  resolved "https://registry.npm.taobao.org/asynckit/download/asynckit-0.4.0.tgz#c79ed97f7f34cb8f2ba1bc9790bcc366474b4b79"
  integrity sha1-x57Zf380y48robyXkLzDZkdLS3k=

aws-sign2@~0.7.0:
  version "0.7.0"
  resolved "https://registry.npm.taobao.org/aws-sign2/download/aws-sign2-0.7.0.tgz#b46e890934a9591f2d2f6f86d7e6a9f1b3fe76a8"
  integrity sha1-tG6JCTSpWR8tL2+G1+ap8bP+dqg=

aws4@^1.8.0:
  version "1.8.0"
  resolved "https://registry.npm.taobao.org/aws4/download/aws4-1.8.0.tgz#f0e003d9ca9e7f59c7a508945d7b2ef9a04a542f"
  integrity sha1-8OAD2cqef1nHpQiUXXsu+aBKVC8=

base64-js@^1.0.2:
  version "1.3.0"
  resolved "https://registry.npm.taobao.org/base64-js/download/base64-js-1.3.0.tgz#cab1e6118f051095e58b5281aea8c1cd22bfc0e3"
  integrity sha1-yrHmEY8FEJXli1KBrqjBzSK/wOM=

bcrypt-pbkdf@^1.0.0:
  version "1.0.2"
  resolved "https://registry.npm.taobao.org/bcrypt-pbkdf/download/bcrypt-pbkdf-1.0.2.tgz#a4301d389b6a43f9b67ff3ca11a3f6637e360e9e"
  integrity sha1-pDAdOJtqQ/m2f/PKEaP2Y342Dp4=
  dependencies:
    tweetnacl "^0.14.3"

bmp-js@^0.1.0:
  version "0.1.0"
  resolved "https://registry.npm.taobao.org/bmp-js/download/bmp-js-0.1.0.tgz#e05a63f796a6c1ff25f4771ec7adadc148c07233"
  integrity sha1-4Fpj95amwf8l9Hcex62twUjAcjM=

buffer-equal@0.0.1:
  version "0.0.1"
  resolved "https://registry.npm.taobao.org/buffer-equal/download/buffer-equal-0.0.1.tgz#91bc74b11ea405bc916bc6aa908faafa5b4aac4b"
  integrity sha1-kbx0sR6kBbyRa8aqkI+q+ltKrEs=

buffer@^5.2.0:
  version "5.2.1"
  resolved "https://registry.npm.taobao.org/buffer/download/buffer-5.2.1.tgz#dd57fa0f109ac59c602479044dca7b8b3d0b71d6"
  integrity sha1-3Vf6DxCaxZxgJHkETcp7iz0LcdY=
  dependencies:
    base64-js "^1.0.2"
    ieee754 "^1.1.4"

caseless@~0.12.0:
  version "0.12.0"
  resolved "https://registry.npm.taobao.org/caseless/download/caseless-0.12.0.tgz#1b681c21ff84033c826543090689420d187151dc"
  integrity sha1-G2gcIf+EAzyCZUMJBolCDRhxUdw=

combined-stream@^1.0.6, combined-stream@~1.0.6:
  version "1.0.8"
  resolved "https://registry.npm.taobao.org/combined-stream/download/combined-stream-1.0.8.tgz#c3d45a8b34fd730631a110a8a2520682b31d5a7f"
  integrity sha1-w9RaizT9cwYxoRCoolIGgrMdWn8=
  dependencies:
    delayed-stream "~1.0.0"

core-js@^2.5.7, core-js@^2.6.5:
  version "2.6.9"
  resolved "https://registry.npm.taobao.org/core-js/download/core-js-2.6.9.tgz?cache=0&sync_timestamp=1560599811627&other_urls=https%3A%2F%2Fregistry.npm.taobao.org%2Fcore-js%2Fdownload%2Fcore-js-2.6.9.tgz#6b4b214620c834152e179323727fc19741b084f2"
  integrity sha1-a0shRiDINBUuF5Mjcn/Bl0GwhPI=

core-util-is@1.0.2:
  version "1.0.2"
  resolved "https://registry.npm.taobao.org/core-util-is/download/core-util-is-1.0.2.tgz#b5fd54220aa2bc5ab57aab7140c940754503c1a7"
  integrity sha1-tf1UIgqivFq1eqtxQMlAdUUDwac=

cwise-compiler@^1.1.2:
  version "1.1.3"
  resolved "https://registry.npm.taobao.org/cwise-compiler/download/cwise-compiler-1.1.3.tgz#f4d667410e850d3a313a7d2db7b1e505bb034cc5"
  integrity sha1-9NZnQQ6FDToxOn0tt7HlBbsDTMU=
  dependencies:
    uniq "^1.0.0"

dashdash@^1.12.0:
  version "1.14.1"
  resolved "https://registry.npm.taobao.org/dashdash/download/dashdash-1.14.1.tgz#853cfa0f7cbe2fed5de20326b8dd581035f6e2f0"
  integrity sha1-hTz6D3y+L+1d4gMmuN1YEDX24vA=
  dependencies:
    assert-plus "^1.0.0"

data-uri-to-buffer@0.0.3:
  version "0.0.3"
  resolved "https://registry.npm.taobao.org/data-uri-to-buffer/download/data-uri-to-buffer-0.0.3.tgz#18ae979a6a0ca994b0625853916d2662bbae0b1a"
  integrity sha1-GK6XmmoMqZSwYlhTkW0mYruuCxo=

define-properties@^1.1.2:
  version "1.1.3"
  resolved "https://registry.npm.taobao.org/define-properties/download/define-properties-1.1.3.tgz#cf88da6cbee26fe6db7094f61d870cbd84cee9f1"
  integrity sha1-z4jabL7ib+bbcJT2HYcMvYTO6fE=
  dependencies:
    object-keys "^1.0.12"

delayed-stream@~1.0.0:
  version "1.0.0"
  resolved "https://registry.npm.taobao.org/delayed-stream/download/delayed-stream-1.0.0.tgz#df3ae199acadfb7d440aaae0b29e2272b24ec619"
  integrity sha1-3zrhmayt+31ECqrgsp4icrJOxhk=

dom-walk@^0.1.0:
  version "0.1.1"
  resolved "https://registry.npm.taobao.org/dom-walk/download/dom-walk-0.1.1.tgz#672226dc74c8f799ad35307df936aba11acd6018"
  integrity sha1-ZyIm3HTI95mtNTB9+TaroRrNYBg=

ecc-jsbn@~0.1.1:
  version "0.1.2"
  resolved "https://registry.npm.taobao.org/ecc-jsbn/download/ecc-jsbn-0.1.2.tgz#3a83a904e54353287874c564b7549386849a98c9"
  integrity sha1-OoOpBOVDUyh4dMVkt1SThoSamMk=
  dependencies:
    jsbn "~0.1.0"
    safer-buffer "^2.1.0"

es-abstract@^1.5.0:
  version "1.13.0"
  resolved "https://registry.npm.taobao.org/es-abstract/download/es-abstract-1.13.0.tgz#ac86145fdd5099d8dd49558ccba2eaf9b88e24e9"
  integrity sha1-rIYUX91QmdjdSVWMy6Lq+biOJOk=
  dependencies:
    es-to-primitive "^1.2.0"
    function-bind "^1.1.1"
    has "^1.0.3"
    is-callable "^1.1.4"
    is-regex "^1.0.4"
    object-keys "^1.0.12"

es-to-primitive@^1.2.0:
  version "1.2.0"
  resolved "https://registry.npm.taobao.org/es-to-primitive/download/es-to-primitive-1.2.0.tgz#edf72478033456e8dda8ef09e00ad9650707f377"
  integrity sha1-7fckeAM0VujdqO8J4ArZZQcH83c=
  dependencies:
    is-callable "^1.1.4"
    is-date-object "^1.0.1"
    is-symbol "^1.0.2"

exif-parser@^0.1.12:
  version "0.1.12"
  resolved "https://registry.npm.taobao.org/exif-parser/download/exif-parser-0.1.12.tgz#58a9d2d72c02c1f6f02a0ef4a9166272b7760922"
  integrity sha1-WKnS1ywCwfbwKg70qRZicrd2CSI=

extend@~3.0.2:
  version "3.0.2"
  resolved "https://registry.npm.taobao.org/extend/download/extend-3.0.2.tgz#f8b1136b4071fbd8eb140aff858b1019ec2915fa"
  integrity sha1-+LETa0Bx+9jrFAr/hYsQGewpFfo=

extsprintf@1.3.0:
  version "1.3.0"
  resolved "https://registry.npm.taobao.org/extsprintf/download/extsprintf-1.3.0.tgz#96918440e3041a7a414f8c52e3c574eb3c3e1e05"
  integrity sha1-lpGEQOMEGnpBT4xS48V06zw+HgU=

extsprintf@^1.2.0:
  version "1.4.0"
  resolved "https://registry.npm.taobao.org/extsprintf/download/extsprintf-1.4.0.tgz#e2689f8f356fad62cca65a3a91c5df5f9551692f"
  integrity sha1-4mifjzVvrWLMplo6kcXfX5VRaS8=

fast-deep-equal@^2.0.1:
  version "2.0.1"
  resolved "https://registry.npm.taobao.org/fast-deep-equal/download/fast-deep-equal-2.0.1.tgz?cache=0&other_urls=https%3A%2F%2Fregistry.npm.taobao.org%2Ffast-deep-equal%2Fdownload%2Ffast-deep-equal-2.0.1.tgz#7b05218ddf9667bf7f370bf7fdb2cb15fdd0aa49"
  integrity sha1-ewUhjd+WZ79/Nwv3/bLLFf3Qqkk=

fast-json-stable-stringify@^2.0.0:
  version "2.0.0"
  resolved "https://registry.npm.taobao.org/fast-json-stable-stringify/download/fast-json-stable-stringify-2.0.0.tgz#d5142c0caee6b1189f87d3a76111064f86c8bbf2"
  integrity sha1-1RQsDK7msRifh9OnYREGT4bIu/I=

file-type@^9.0.0:
  version "9.0.0"
  resolved "https://registry.npm.taobao.org/file-type/download/file-type-9.0.0.tgz#a68d5ad07f486414dfb2c8866f73161946714a18"
  integrity sha1-po1a0H9IZBTfssiGb3MWGUZxShg=

for-each@^0.3.3:
  version "0.3.3"
  resolved "https://registry.npm.taobao.org/for-each/download/for-each-0.3.3.tgz#69b447e88a0a5d32c3e7084f3f1710034b21376e"
  integrity sha1-abRH6IoKXTLD5whPPxcQA0shN24=
  dependencies:
    is-callable "^1.1.3"

forever-agent@~0.6.1:
  version "0.6.1"
  resolved "https://registry.npm.taobao.org/forever-agent/download/forever-agent-0.6.1.tgz#fbc71f0c41adeb37f96c577ad1ed42d8fdacca91"
  integrity sha1-+8cfDEGt6zf5bFd60e1C2P2sypE=

form-data@~2.3.2:
  version "2.3.3"
  resolved "https://registry.npm.taobao.org/form-data/download/form-data-2.3.3.tgz?cache=0&sync_timestamp=1560929244634&other_urls=https%3A%2F%2Fregistry.npm.taobao.org%2Fform-data%2Fdownload%2Fform-data-2.3.3.tgz#dcce52c05f644f298c6a7ab936bd724ceffbf3a6"
  integrity sha1-3M5SwF9kTymManq5Nr1yTO/786Y=
  dependencies:
    asynckit "^0.4.0"
    combined-stream "^1.0.6"
    mime-types "^2.1.12"

function-bind@^1.0.2, function-bind@^1.1.1:
  version "1.1.1"
  resolved "https://registry.npm.taobao.org/function-bind/download/function-bind-1.1.1.tgz#a56899d3ea3c9bab874bb9773b7c5ede92f4895d"
  integrity sha1-pWiZ0+o8m6uHS7l3O3xe3pL0iV0=

get-pixels@^3.3.2:
  version "3.3.2"
  resolved "https://registry.npm.taobao.org/get-pixels/download/get-pixels-3.3.2.tgz#3f62fb8811932c69f262bba07cba72b692b4ff03"
  integrity sha1-P2L7iBGTLGnyYrugfLpytpK0/wM=
  dependencies:
    data-uri-to-buffer "0.0.3"
    jpeg-js "^0.3.2"
    mime-types "^2.0.1"
    ndarray "^1.0.13"
    ndarray-pack "^1.1.1"
    node-bitmap "0.0.1"
    omggif "^1.0.5"
    parse-data-uri "^0.2.0"
    pngjs "^3.3.3"
    request "^2.44.0"
    through "^2.3.4"

getpass@^0.1.1:
  version "0.1.7"
  resolved "https://registry.npm.taobao.org/getpass/download/getpass-0.1.7.tgz#5eff8e3e684d569ae4cb2b1282604e8ba62149fa"
  integrity sha1-Xv+OPmhNVprkyysSgmBOi6YhSfo=
  dependencies:
    assert-plus "^1.0.0"

global@~4.3.0:
  version "4.3.2"
  resolved "https://registry.npm.taobao.org/global/download/global-4.3.2.tgz#e76989268a6c74c38908b1305b10fc0e394e9d0f"
  integrity sha1-52mJJopsdMOJCLEwWxD8DjlOnQ8=
  dependencies:
    min-document "^2.19.0"
    process "~0.5.1"

har-schema@^2.0.0:
  version "2.0.0"
  resolved "https://registry.npm.taobao.org/har-schema/download/har-schema-2.0.0.tgz#a94c2224ebcac04782a0d9035521f24735b7ec92"
  integrity sha1-qUwiJOvKwEeCoNkDVSHyRzW37JI=

har-validator@~5.1.0:
  version "5.1.3"
  resolved "https://registry.npm.taobao.org/har-validator/download/har-validator-5.1.3.tgz#1ef89ebd3e4996557675eed9893110dc350fa080"
  integrity sha1-HvievT5JllV2de7ZiTEQ3DUPoIA=
  dependencies:
    ajv "^6.5.5"
    har-schema "^2.0.0"

has-symbols@^1.0.0:
  version "1.0.0"
  resolved "https://registry.npm.taobao.org/has-symbols/download/has-symbols-1.0.0.tgz#ba1a8f1af2a0fc39650f5c850367704122063b44"
  integrity sha1-uhqPGvKg/DllD1yFA2dwQSIGO0Q=

has@^1.0.1, has@^1.0.3:
  version "1.0.3"
  resolved "https://registry.npm.taobao.org/has/download/has-1.0.3.tgz#722d7cbfc1f6aa8241f16dd814e011e1f41e8796"
  integrity sha1-ci18v8H2qoJB8W3YFOAR4fQeh5Y=
  dependencies:
    function-bind "^1.1.1"

http-signature@~1.2.0:
  version "1.2.0"
  resolved "https://registry.npm.taobao.org/http-signature/download/http-signature-1.2.0.tgz#9aecd925114772f3d95b65a60abb8f7c18fbace1"
  integrity sha1-muzZJRFHcvPZW2WmCruPfBj7rOE=
  dependencies:
    assert-plus "^1.0.0"
    jsprim "^1.2.2"
    sshpk "^1.7.0"

iconv-lite@^0.4.24:
  version "0.4.24"
  resolved "https://registry.npm.taobao.org/iconv-lite/download/iconv-lite-0.4.24.tgz#2022b4b25fbddc21d2f524974a474aafe733908b"
  integrity sha1-ICK0sl+93CHS9SSXSkdKr+czkIs=
  dependencies:
    safer-buffer ">= 2.1.2 < 3"

ieee754@^1.1.4:
  version "1.1.13"
  resolved "https://registry.npm.taobao.org/ieee754/download/ieee754-1.1.13.tgz#ec168558e95aa181fd87d37f55c32bbcb6708b84"
  integrity sha1-7BaFWOlaoYH9h9N/VcMrvLZwi4Q=

iota-array@^1.0.0:
  version "1.0.0"
  resolved "https://registry.npm.taobao.org/iota-array/download/iota-array-1.0.0.tgz#81ef57fe5d05814cd58c2483632a99c30a0e8087"
  integrity sha1-ge9X/l0FgUzVjCSDYyqZwwoOgIc=

is-buffer@^1.0.2:
  version "1.1.6"
  resolved "https://registry.npm.taobao.org/is-buffer/download/is-buffer-1.1.6.tgz#efaa2ea9daa0d7ab2ea13a97b2b8ad51fefbe8be"
  integrity sha1-76ouqdqg16suoTqXsritUf776L4=

is-callable@^1.1.3, is-callable@^1.1.4:
  version "1.1.4"
  resolved "https://registry.npm.taobao.org/is-callable/download/is-callable-1.1.4.tgz#1e1adf219e1eeb684d691f9d6a05ff0d30a24d75"
  integrity sha1-HhrfIZ4e62hNaR+dagX/DTCiTXU=

is-date-object@^1.0.1:
  version "1.0.1"
  resolved "https://registry.npm.taobao.org/is-date-object/download/is-date-object-1.0.1.tgz#9aa20eb6aeebbff77fbd33e74ca01b33581d3a16"
  integrity sha1-mqIOtq7rv/d/vTPnTKAbM1gdOhY=

is-function@^1.0.1:
  version "1.0.1"
  resolved "https://registry.npm.taobao.org/is-function/download/is-function-1.0.1.tgz#12cfb98b65b57dd3d193a3121f5f6e2f437602b5"
  integrity sha1-Es+5i2W1fdPRk6MSH19uL0N2ArU=

is-regex@^1.0.4:
  version "1.0.4"
  resolved "https://registry.npm.taobao.org/is-regex/download/is-regex-1.0.4.tgz#5517489b547091b0930e095654ced25ee97e9491"
  integrity sha1-VRdIm1RwkbCTDglWVM7SXul+lJE=
  dependencies:
    has "^1.0.1"

is-symbol@^1.0.2:
  version "1.0.2"
  resolved "https://registry.npm.taobao.org/is-symbol/download/is-symbol-1.0.2.tgz#a055f6ae57192caee329e7a860118b497a950f38"
  integrity sha1-oFX2rlcZLK7jKeeoYBGLSXqVDzg=
  dependencies:
    has-symbols "^1.0.0"

is-typedarray@~1.0.0:
  version "1.0.0"
  resolved "https://registry.npm.taobao.org/is-typedarray/download/is-typedarray-1.0.0.tgz#e479c80858df0c1b11ddda6940f96011fcda4a9a"
  integrity sha1-5HnICFjfDBsR3dppQPlgEfzaSpo=

isstream@~0.1.2:
  version "0.1.2"
  resolved "https://registry.npm.taobao.org/isstream/download/isstream-0.1.2.tgz#47e63f7af55afa6f92e1500e690eb8b8529c099a"
  integrity sha1-R+Y/evVa+m+S4VAOaQ64uFKcCZo=

jimp@^0.6.4:
  version "0.6.4"
  resolved "https://registry.npm.taobao.org/jimp/download/jimp-0.6.4.tgz#266c5777752a6edb4227792ef288198a1e99102f"
  integrity sha1-JmxXd3UqbttCJ3ku8ogZih6ZEC8=
  dependencies:
    "@babel/polyfill" "^7.0.0"
    "@jimp/custom" "^0.6.4"
    "@jimp/plugins" "^0.6.4"
    "@jimp/types" "^0.6.4"
    core-js "^2.5.7"

jpeg-js@^0.3.2, jpeg-js@^0.3.4:
  version "0.3.5"
  resolved "https://registry.npm.taobao.org/jpeg-js/download/jpeg-js-0.3.5.tgz#6fbd6cd0e49627c5a0341796c9e50c70a2aa3673"
  integrity sha1-b71s0OSWJ8WgNBeWyeUMcKKqNnM=

jsbn@~0.1.0:
  version "0.1.1"
  resolved "https://registry.npm.taobao.org/jsbn/download/jsbn-0.1.1.tgz#a5e654c2e5a2deb5f201d96cefbca80c0ef2f513"
  integrity sha1-peZUwuWi3rXyAdls77yoDA7y9RM=

json-schema-traverse@^0.4.1:
  version "0.4.1"
  resolved "https://registry.npm.taobao.org/json-schema-traverse/download/json-schema-traverse-0.4.1.tgz#69f6a87d9513ab8bb8fe63bdb0979c448e684660"
  integrity sha1-afaofZUTq4u4/mO9sJecRI5oRmA=

json-schema@0.2.3:
  version "0.2.3"
  resolved "https://registry.npm.taobao.org/json-schema/download/json-schema-0.2.3.tgz#b480c892e59a2f05954ce727bd3f2a4e882f9e13"
  integrity sha1-tIDIkuWaLwWVTOcnvT8qTogvnhM=

json-stringify-safe@~5.0.1:
  version "5.0.1"
  resolved "https://registry.npm.taobao.org/json-stringify-safe/download/json-stringify-safe-5.0.1.tgz#1296a2d58fd45f19a0f6ce01d65701e2c735b6eb"
  integrity sha1-Epai1Y/UXxmg9s4B1lcB4sc1tus=

jsprim@^1.2.2:
  version "1.4.1"
  resolved "https://registry.npm.taobao.org/jsprim/download/jsprim-1.4.1.tgz#313e66bc1e5cc06e438bc1b7499c2e5c56acb6a2"
  integrity sha1-MT5mvB5cwG5Di8G3SZwuXFastqI=
  dependencies:
    assert-plus "1.0.0"
    extsprintf "1.3.0"
    json-schema "0.2.3"
    verror "1.10.0"

load-bmfont@^1.3.1, load-bmfont@^1.4.0:
  version "1.4.0"
  resolved "https://registry.npm.taobao.org/load-bmfont/download/load-bmfont-1.4.0.tgz#75f17070b14a8c785fe7f5bee2e6fd4f98093b6b"
  integrity sha1-dfFwcLFKjHhf5/W+4ub9T5gJO2s=
  dependencies:
    buffer-equal "0.0.1"
    mime "^1.3.4"
    parse-bmfont-ascii "^1.0.3"
    parse-bmfont-binary "^1.0.5"
    parse-bmfont-xml "^1.1.4"
    phin "^2.9.1"
    xhr "^2.0.1"
    xtend "^4.0.0"

mime-db@1.40.0:
  version "1.40.0"
  resolved "https://registry.npm.taobao.org/mime-db/download/mime-db-1.40.0.tgz#a65057e998db090f732a68f6c276d387d4126c32"
  integrity sha1-plBX6ZjbCQ9zKmj2wnbTh9QSbDI=

mime-types@^2.0.1, mime-types@^2.1.12, mime-types@~2.1.19:
  version "2.1.24"
  resolved "https://registry.npm.taobao.org/mime-types/download/mime-types-2.1.24.tgz?cache=0&other_urls=https%3A%2F%2Fregistry.npm.taobao.org%2Fmime-types%2Fdownload%2Fmime-types-2.1.24.tgz#b6f8d0b3e951efb77dedeca194cff6d16f676f81"
  integrity sha1-tvjQs+lR77d97eyhlM/20W9nb4E=
  dependencies:
    mime-db "1.40.0"

mime@^1.3.4:
  version "1.6.0"
  resolved "https://registry.npm.taobao.org/mime/download/mime-1.6.0.tgz?cache=0&sync_timestamp=1560034758817&other_urls=https%3A%2F%2Fregistry.npm.taobao.org%2Fmime%2Fdownload%2Fmime-1.6.0.tgz#32cd9e5c64553bd58d19a568af452acff04981b1"
  integrity sha1-Ms2eXGRVO9WNGaVor0Uqz/BJgbE=

min-document@^2.19.0:
  version "2.19.0"
  resolved "https://registry.npm.taobao.org/min-document/download/min-document-2.19.0.tgz#7bd282e3f5842ed295bb748cdd9f1ffa2c824685"
  integrity sha1-e9KC4/WELtKVu3SM3Z8f+iyCRoU=
  dependencies:
    dom-walk "^0.1.0"

minimist@0.0.8:
  version "0.0.8"
  resolved "https://registry.npm.taobao.org/minimist/download/minimist-0.0.8.tgz#857fcabfc3397d2625b8228262e86aa7a011b05d"
  integrity sha1-hX/Kv8M5fSYluCKCYuhqp6ARsF0=

mkdirp@0.5.1:
  version "0.5.1"
  resolved "https://registry.npm.taobao.org/mkdirp/download/mkdirp-0.5.1.tgz?cache=0&other_urls=https%3A%2F%2Fregistry.npm.taobao.org%2Fmkdirp%2Fdownload%2Fmkdirp-0.5.1.tgz#30057438eac6cf7f8c4767f38648d6697d75c903"
  integrity sha1-MAV0OOrGz3+MR2fzhkjWaX11yQM=
  dependencies:
    minimist "0.0.8"

mutable-buffer@^2.1.1:
  version "2.1.1"
  resolved "https://registry.npm.taobao.org/mutable-buffer/download/mutable-buffer-2.1.1.tgz#fcd0567d326a4a8e7d7e0dd8fe0b71c7364ab04c"
  integrity sha1-/NBWfTJqSo59fg3Y/gtxxzZKsEw=

ndarray-pack@^1.1.1:
  version "1.2.1"
  resolved "https://registry.npm.taobao.org/ndarray-pack/download/ndarray-pack-1.2.1.tgz#8caebeaaa24d5ecf70ff86020637977da8ee585a"
  integrity sha1-jK6+qqJNXs9w/4YCBjeXfajuWFo=
  dependencies:
    cwise-compiler "^1.1.2"
    ndarray "^1.0.13"

ndarray@^1.0.13:
  version "1.0.18"
  resolved "https://registry.npm.taobao.org/ndarray/download/ndarray-1.0.18.tgz#b60d3a73224ec555d0faa79711e502448fd3f793"
  integrity sha1-tg06cyJOxVXQ+qeXEeUCRI/T95M=
  dependencies:
    iota-array "^1.0.0"
    is-buffer "^1.0.2"

node-bitmap@0.0.1:
  version "0.0.1"
  resolved "https://registry.npm.taobao.org/node-bitmap/download/node-bitmap-0.0.1.tgz#180eac7003e0c707618ef31368f62f84b2a69091"
  integrity sha1-GA6scAPgxwdhjvMTaPYvhLKmkJE=

oauth-sign@~0.9.0:
  version "0.9.0"
  resolved "https://registry.npm.taobao.org/oauth-sign/download/oauth-sign-0.9.0.tgz#47a7b016baa68b5fa0ecf3dee08a85c679ac6455"
  integrity sha1-R6ewFrqmi1+g7PPe4IqFxnmsZFU=

object-keys@^1.0.12:
  version "1.1.1"
  resolved "https://registry.npm.taobao.org/object-keys/download/object-keys-1.1.1.tgz#1c47f272df277f3b1daf061677d9c82e2322c60e"
  integrity sha1-HEfyct8nfzsdrwYWd9nILiMixg4=

omggif@^1.0.5, omggif@^1.0.9:
  version "1.0.9"
  resolved "https://registry.npm.taobao.org/omggif/download/omggif-1.0.9.tgz#dcb7024dacd50c52b4d303f04802c91c057c765f"
  integrity sha1-3LcCTazVDFK00wPwSALJHAV8dl8=

pako@^1.0.5:
  version "1.0.10"
  resolved "https://registry.npm.taobao.org/pako/download/pako-1.0.10.tgz#4328badb5086a426aa90f541977d4955da5c9732"
  integrity sha1-Qyi621CGpCaqkPVBl31JVdpclzI=

parse-bmfont-ascii@^1.0.3:
  version "1.0.6"
  resolved "https://registry.npm.taobao.org/parse-bmfont-ascii/download/parse-bmfont-ascii-1.0.6.tgz#11ac3c3ff58f7c2020ab22769079108d4dfa0285"
  integrity sha1-Eaw8P/WPfCAgqyJ2kHkQjU36AoU=

parse-bmfont-binary@^1.0.5:
  version "1.0.6"
  resolved "https://registry.npm.taobao.org/parse-bmfont-binary/download/parse-bmfont-binary-1.0.6.tgz#d038b476d3e9dd9db1e11a0b0e53a22792b69006"
  integrity sha1-0Di0dtPp3Z2x4RoLDlOiJ5K2kAY=

parse-bmfont-xml@^1.1.4:
  version "1.1.4"
  resolved "https://registry.npm.taobao.org/parse-bmfont-xml/download/parse-bmfont-xml-1.1.4.tgz#015319797e3e12f9e739c4d513872cd2fa35f389"
  integrity sha1-AVMZeX4+EvnnOcTVE4cs0vo184k=
  dependencies:
    xml-parse-from-string "^1.0.0"
    xml2js "^0.4.5"

parse-data-uri@^0.2.0:
  version "0.2.0"
  resolved "https://registry.npm.taobao.org/parse-data-uri/download/parse-data-uri-0.2.0.tgz#bf04d851dd5c87b0ab238e5d01ace494b604b4c9"
  integrity sha1-vwTYUd1ch7CrI45dAazklLYEtMk=
  dependencies:
    data-uri-to-buffer "0.0.3"

parse-headers@^2.0.0:
  version "2.0.2"
  resolved "https://registry.npm.taobao.org/parse-headers/download/parse-headers-2.0.2.tgz#9545e8a4c1ae5eaea7d24992bca890281ed26e34"
  integrity sha1-lUXopMGuXq6n0kmSvKiQKB7SbjQ=
  dependencies:
    for-each "^0.3.3"
    string.prototype.trim "^1.1.2"

performance-now@^2.1.0:
  version "2.1.0"
  resolved "https://registry.npm.taobao.org/performance-now/download/performance-now-2.1.0.tgz#6309f4e0e5fa913ec1c69307ae364b4b377c9e7b"
  integrity sha1-Ywn04OX6kT7BxpMHrjZLSzd8nns=

phin@^2.9.1:
  version "2.9.3"
  resolved "https://registry.npm.taobao.org/phin/download/phin-2.9.3.tgz#f9b6ac10a035636fb65dfc576aaaa17b8743125c"
  integrity sha1-+basEKA1Y2+2XfxXaqqhe4dDElw=

pixelmatch@^4.0.2:
  version "4.0.2"
  resolved "https://registry.npm.taobao.org/pixelmatch/download/pixelmatch-4.0.2.tgz?cache=0&other_urls=https%3A%2F%2Fregistry.npm.taobao.org%2Fpixelmatch%2Fdownload%2Fpixelmatch-4.0.2.tgz#8f47dcec5011b477b67db03c243bc1f3085e8854"
  integrity sha1-j0fc7FARtHe2fbA8JDvB8wheiFQ=
  dependencies:
    pngjs "^3.0.0"

pngjs@^3.0.0, pngjs@^3.3.3:
  version "3.4.0"
  resolved "https://registry.npm.taobao.org/pngjs/download/pngjs-3.4.0.tgz#99ca7d725965fb655814eaf65f38f12bbdbf555f"
  integrity sha1-mcp9clll+2VYFOr2XzjxK72/VV8=

printer@^0.2.2:
  version "0.2.2"
  resolved "https://registry.npm.taobao.org/printer/download/printer-0.2.2.tgz#830b8f5c97b97fd9b464d4f4e105d43337792296"
  integrity sha1-gwuPXJe5f9m0ZNT04QXUMzd5IpY=

process@~0.5.1:
  version "0.5.2"
  resolved "https://registry.npm.taobao.org/process/download/process-0.5.2.tgz#1638d8a8e34c2f440a91db95ab9aeb677fc185cf"
  integrity sha1-FjjYqONML0QKkduVq5rrZ3/Bhc8=

psl@^1.1.24:
  version "1.1.33"
  resolved "https://registry.npm.taobao.org/psl/download/psl-1.1.33.tgz#5533d9384ca7aab86425198e10e8053ebfeab661"
  integrity sha1-VTPZOEynqrhkJRmOEOgFPr/qtmE=

punycode@^1.4.1:
  version "1.4.1"
  resolved "https://registry.npm.taobao.org/punycode/download/punycode-1.4.1.tgz#c0d5a63b2718800ad8e1eb0fa5269c84dd41845e"
  integrity sha1-wNWmOycYgArY4esPpSachN1BhF4=

punycode@^2.1.0:
  version "2.1.1"
  resolved "https://registry.npm.taobao.org/punycode/download/punycode-2.1.1.tgz#b58b010ac40c22c5657616c8d2c2c02c7bf479ec"
  integrity sha1-tYsBCsQMIsVldhbI0sLALHv0eew=

qr-image@^3.2.0:
  version "3.2.0"
  resolved "https://registry.npm.taobao.org/qr-image/download/qr-image-3.2.0.tgz#9fa8295beae50c4a149cf9f909a1db464a8672e8"
  integrity sha1-n6gpW+rlDEoUnPn5CaHbRkqGcug=

qs@~6.5.2:
  version "6.5.2"
  resolved "https://registry.npm.taobao.org/qs/download/qs-6.5.2.tgz?cache=0&other_urls=https%3A%2F%2Fregistry.npm.taobao.org%2Fqs%2Fdownload%2Fqs-6.5.2.tgz#cb3ae806e8740444584ef154ce8ee98d403f3e36"
  integrity sha1-yzroBuh0BERYTvFUzo7pjUA/PjY=

regenerator-runtime@^0.13.2:
  version "0.13.2"
  resolved "https://registry.npm.taobao.org/regenerator-runtime/download/regenerator-runtime-0.13.2.tgz?cache=0&other_urls=https%3A%2F%2Fregistry.npm.taobao.org%2Fregenerator-runtime%2Fdownload%2Fregenerator-runtime-0.13.2.tgz#32e59c9a6fb9b1a4aff09b4930ca2d4477343447"
  integrity sha1-MuWcmm+5saSv8JtJMMotRHc0NEc=

request@^2.44.0:
  version "2.88.0"
  resolved "https://registry.npm.taobao.org/request/download/request-2.88.0.tgz#9c2fca4f7d35b592efe57c7f0a55e81052124fef"
  integrity sha1-nC/KT301tZLv5Xx/ClXoEFIST+8=
  dependencies:
    aws-sign2 "~0.7.0"
    aws4 "^1.8.0"
    caseless "~0.12.0"
    combined-stream "~1.0.6"
    extend "~3.0.2"
    forever-agent "~0.6.1"
    form-data "~2.3.2"
    har-validator "~5.1.0"
    http-signature "~1.2.0"
    is-typedarray "~1.0.0"
    isstream "~0.1.2"
    json-stringify-safe "~5.0.1"
    mime-types "~2.1.19"
    oauth-sign "~0.9.0"
    performance-now "^2.1.0"
    qs "~6.5.2"
    safe-buffer "^5.1.2"
    tough-cookie "~2.4.3"
    tunnel-agent "^0.6.0"
    uuid "^3.3.2"

safe-buffer@^5.0.1, safe-buffer@^5.1.2:
  version "5.1.2"
  resolved "https://registry.npm.taobao.org/safe-buffer/download/safe-buffer-5.1.2.tgz#991ec69d296e0313747d59bdfd2b745c35f8828d"
  integrity sha1-mR7GnSluAxN0fVm9/St0XDX4go0=

"safer-buffer@>= 2.1.2 < 3", safer-buffer@^2.0.2, safer-buffer@^2.1.0, safer-buffer@~2.1.0:
  version "2.1.2"
  resolved "https://registry.npm.taobao.org/safer-buffer/download/safer-buffer-2.1.2.tgz?cache=0&other_urls=https%3A%2F%2Fregistry.npm.taobao.org%2Fsafer-buffer%2Fdownload%2Fsafer-buffer-2.1.2.tgz#44fa161b0187b9549dd84bb91802f9bd8385cd6a"
  integrity sha1-RPoWGwGHuVSd2Eu5GAL5vYOFzWo=

sax@>=0.6.0:
  version "1.2.4"
  resolved "https://registry.npm.taobao.org/sax/download/sax-1.2.4.tgz#2816234e2378bddc4e5354fab5caa895df7100d9"
  integrity sha1-KBYjTiN4vdxOU1T6tcqold9xANk=

sshpk@^1.7.0:
  version "1.16.1"
  resolved "https://registry.npm.taobao.org/sshpk/download/sshpk-1.16.1.tgz#fb661c0bef29b39db40769ee39fa70093d6f6877"
  integrity sha1-+2YcC+8ps520B2nuOfpwCT1vaHc=
  dependencies:
    asn1 "~0.2.3"
    assert-plus "^1.0.0"
    bcrypt-pbkdf "^1.0.0"
    dashdash "^1.12.0"
    ecc-jsbn "~0.1.1"
    getpass "^0.1.1"
    jsbn "~0.1.0"
    safer-buffer "^2.0.2"
    tweetnacl "~0.14.0"

string.prototype.trim@^1.1.2:
  version "1.1.2"
  resolved "https://registry.npm.taobao.org/string.prototype.trim/download/string.prototype.trim-1.1.2.tgz#d04de2c89e137f4d7d206f086b5ed2fae6be8cea"
  integrity sha1-0E3iyJ4Tf019IG8Ia17S+ua+jOo=
  dependencies:
    define-properties "^1.1.2"
    es-abstract "^1.5.0"
    function-bind "^1.0.2"

through@^2.3.4:
  version "2.3.8"
  resolved "https://registry.npm.taobao.org/through/download/through-2.3.8.tgz#0dd4c9ffaabc357960b1b724115d7e0e86a2e1f5"
  integrity sha1-DdTJ/6q8NXlgsbckEV1+Doai4fU=

timm@^1.6.1:
  version "1.6.1"
  resolved "https://registry.npm.taobao.org/timm/download/timm-1.6.1.tgz#5f8aafc932248c76caf2c6af60542a32d3c30701"
  integrity sha1-X4qvyTIkjHbK8savYFQqMtPDBwE=

tinycolor2@^1.4.1:
  version "1.4.1"
  resolved "https://registry.npm.taobao.org/tinycolor2/download/tinycolor2-1.4.1.tgz#f4fad333447bc0b07d4dc8e9209d8f39a8ac77e8"
  integrity sha1-9PrTM0R7wLB9TcjpIJ2POaisd+g=

tough-cookie@~2.4.3:
  version "2.4.3"
  resolved "https://registry.npm.taobao.org/tough-cookie/download/tough-cookie-2.4.3.tgz#53f36da3f47783b0925afa06ff9f3b165280f781"
  integrity sha1-U/Nto/R3g7CSWvoG/587FlKA94E=
  dependencies:
    psl "^1.1.24"
    punycode "^1.4.1"

tunnel-agent@^0.6.0:
  version "0.6.0"
  resolved "https://registry.npm.taobao.org/tunnel-agent/download/tunnel-agent-0.6.0.tgz#27a5dea06b36b04a0a9966774b290868f0fc40fd"
  integrity sha1-J6XeoGs2sEoKmWZ3SykIaPD8QP0=
  dependencies:
    safe-buffer "^5.0.1"

tweetnacl@^0.14.3, tweetnacl@~0.14.0:
  version "0.14.5"
  resolved "https://registry.npm.taobao.org/tweetnacl/download/tweetnacl-0.14.5.tgz#5ae68177f192d4456269d108afa93ff8743f4f64"
  integrity sha1-WuaBd/GS1EViadEIr6k/+HQ/T2Q=

uniq@^1.0.0:
  version "1.0.1"
  resolved "https://registry.npm.taobao.org/uniq/download/uniq-1.0.1.tgz#b31c5ae8254844a3a8281541ce2b04b865a734ff"
  integrity sha1-sxxa6CVIRKOoKBVBzisEuGWnNP8=

uri-js@^4.2.2:
  version "4.2.2"
  resolved "https://registry.npm.taobao.org/uri-js/download/uri-js-4.2.2.tgz#94c540e1ff772956e2299507c010aea6c8838eb0"
  integrity sha1-lMVA4f93KVbiKZUHwBCupsiDjrA=
  dependencies:
    punycode "^2.1.0"

utif@^2.0.1:
  version "2.0.1"
  resolved "https://registry.npm.taobao.org/utif/download/utif-2.0.1.tgz#9e1582d9bbd20011a6588548ed3266298e711759"
  integrity sha1-nhWC2bvSABGmWIVI7TJmKY5xF1k=
  dependencies:
    pako "^1.0.5"

uuid@^3.3.2:
  version "3.3.2"
  resolved "https://registry.npm.taobao.org/uuid/download/uuid-3.3.2.tgz#1b4af4955eb3077c501c23872fc6513811587131"
  integrity sha1-G0r0lV6zB3xQHCOHL8ZROBFYcTE=

verror@1.10.0:
  version "1.10.0"
  resolved "https://registry.npm.taobao.org/verror/download/verror-1.10.0.tgz?cache=0&other_urls=https%3A%2F%2Fregistry.npm.taobao.org%2Fverror%2Fdownload%2Fverror-1.10.0.tgz#3a105ca17053af55d6e270c1f8288682e18da400"
  integrity sha1-OhBcoXBTr1XW4nDB+CiGguGNpAA=
  dependencies:
    assert-plus "^1.0.0"
    core-util-is "1.0.2"
    extsprintf "^1.2.0"

xhr@^2.0.1:
  version "2.5.0"
  resolved "https://registry.npm.taobao.org/xhr/download/xhr-2.5.0.tgz#bed8d1676d5ca36108667692b74b316c496e49dd"
  integrity sha1-vtjRZ21co2EIZnaSt0sxbEluSd0=
  dependencies:
    global "~4.3.0"
    is-function "^1.0.1"
    parse-headers "^2.0.0"
    xtend "^4.0.0"

xml-parse-from-string@^1.0.0:
  version "1.0.1"
  resolved "https://registry.npm.taobao.org/xml-parse-from-string/download/xml-parse-from-string-1.0.1.tgz#a9029e929d3dbcded169f3c6e28238d95a5d5a28"
  integrity sha1-qQKekp09vN7RafPG4oI42VpdWig=

xml2js@^0.4.5:
  version "0.4.19"
  resolved "https://registry.npm.taobao.org/xml2js/download/xml2js-0.4.19.tgz?cache=0&other_urls=https%3A%2F%2Fregistry.npm.taobao.org%2Fxml2js%2Fdownload%2Fxml2js-0.4.19.tgz#686c20f213209e94abf0d1bcf1efaa291c7827a7"
  integrity sha1-aGwg8hMgnpSr8NG88e+qKRx4J6c=
  dependencies:
    sax ">=0.6.0"
    xmlbuilder "~9.0.1"

xmlbuilder@~9.0.1:
  version "9.0.7"
  resolved "https://registry.npm.taobao.org/xmlbuilder/download/xmlbuilder-9.0.7.tgz#132ee63d2ec5565c557e20f4c22df9aca686b10d"
  integrity sha1-Ey7mPS7FVlxVfiD0wi35rKaGsQ0=

xtend@^4.0.0:
  version "4.0.1"
  resolved "https://registry.npm.taobao.org/xtend/download/xtend-4.0.1.tgz#a5c6d532be656e23db820efb943a1f04998d63af"
  integrity sha1-pcbVMr5lbiPbgg77lDofBJmNY68=
